
Microsoft Visual Studio Solution File, Format Version 12.00
# Visual Studio Version 16
VisualStudioVersion = 16.0.31220.234
MinimumVisualStudioVersion = 10.0.40219.1
Project("{FAE04EC0-301F-11D3-BF4B-00C04F79EFBC}") = "210503_Test3", "210503_Test3\210503_Test3.csproj", "{29C4A9C2-95A3-4418-A3EF-E140F34DB74B}"
EndProject
Global
	GlobalSection(SolutionConfigurationPlatforms) = preSolution
		Debug|Any CPU = Debug|Any CPU
		Release|Any CPU = Release|Any CPU
	EndGlobalSection
	GlobalSection(ProjectConfigurationPlatforms) = postSolution
		{29C4A9C2-95A3-4418-A3EF-E140F34DB74B}.Debug|Any CPU.ActiveCfg = Debug|Any CPU
		{29C4A9C2-95A3-4418-A3EF-E140F34DB74B}.Debug|Any CPU.Build.0 = Debug|Any CPU
		{29C4A9C2-95A3-4418-A3EF-E140F34DB74B}.Release|Any CPU.ActiveCfg = Release|Any CPU
		{29C4A9C2-95A3-4418-A3EF-E140F34DB74B}.Release|Any CPU.Build.0 = Release|Any CPU
	EndGlobalSection
	GlobalSection(SolutionProperties) = preSolution
		HideSolutionNode = FALSE
	EndGlobalSection
	GlobalSection(ExtensibilityGlobals) = postSolution
		SolutionGuid = {50DA0B84-E942-40D2-8C56-84B5DCCD7A47}
	EndGlobalSection
EndGlobal
