
Microsoft Visual Studio Solution File, Format Version 12.00
# Visual Studio Version 16
VisualStudioVersion = 16.0.31220.234
MinimumVisualStudioVersion = 10.0.40219.1
Project("{FAE04EC0-301F-11D3-BF4B-00C04F79EFBC}") = "210503_Test4", "210503_Test4\210503_Test4.csproj", "{990ED119-7112-41E5-AB8D-CF2DED3BE283}"
EndProject
Global
	GlobalSection(SolutionConfigurationPlatforms) = preSolution
		Debug|Any CPU = Debug|Any CPU
		Release|Any CPU = Release|Any CPU
	EndGlobalSection
	GlobalSection(ProjectConfigurationPlatforms) = postSolution
		{990ED119-7112-41E5-AB8D-CF2DED3BE283}.Debug|Any CPU.ActiveCfg = Debug|Any CPU
		{990ED119-7112-41E5-AB8D-CF2DED3BE283}.Debug|Any CPU.Build.0 = Debug|Any CPU
		{990ED119-7112-41E5-AB8D-CF2DED3BE283}.Release|Any CPU.ActiveCfg = Release|Any CPU
		{990ED119-7112-41E5-AB8D-CF2DED3BE283}.Release|Any CPU.Build.0 = Release|Any CPU
	EndGlobalSection
	GlobalSection(SolutionProperties) = preSolution
		HideSolutionNode = FALSE
	EndGlobalSection
	GlobalSection(ExtensibilityGlobals) = postSolution
		SolutionGuid = {3A575D90-19C0-4E8F-A658-D6C91E6D7CB6}
	EndGlobalSection
EndGlobal
