
Microsoft Visual Studio Solution File, Format Version 12.00
# Visual Studio Version 16
VisualStudioVersion = 16.0.31220.234
MinimumVisualStudioVersion = 10.0.40219.1
Project("{FAE04EC0-301F-11D3-BF4B-00C04F79EFBC}") = "ExceptionTestApp", "ConsoleApp1\ExceptionTestApp.csproj", "{12218D57-8EC9-436C-9EC4-996506A05339}"
EndProject
Global
	GlobalSection(SolutionConfigurationPlatforms) = preSolution
		Debug|Any CPU = Debug|Any CPU
		Release|Any CPU = Release|Any CPU
	EndGlobalSection
	GlobalSection(ProjectConfigurationPlatforms) = postSolution
		{12218D57-8EC9-436C-9EC4-996506A05339}.Debug|Any CPU.ActiveCfg = Debug|Any CPU
		{12218D57-8EC9-436C-9EC4-996506A05339}.Debug|Any CPU.Build.0 = Debug|Any CPU
		{12218D57-8EC9-436C-9EC4-996506A05339}.Release|Any CPU.ActiveCfg = Release|Any CPU
		{12218D57-8EC9-436C-9EC4-996506A05339}.Release|Any CPU.Build.0 = Release|Any CPU
	EndGlobalSection
	GlobalSection(SolutionProperties) = preSolution
		HideSolutionNode = FALSE
	EndGlobalSection
	GlobalSection(ExtensibilityGlobals) = postSolution
		SolutionGuid = {7FED6F28-DC39-4427-917D-976AD4538B00}
	EndGlobalSection
EndGlobal
