
Microsoft Visual Studio Solution File, Format Version 12.00
# Visual Studio Version 16
VisualStudioVersion = 16.0.31220.234
MinimumVisualStudioVersion = 10.0.40219.1
Project("{FAE04EC0-301F-11D3-BF4B-00C04F79EFBC}") = "IndexerTestApp", "IndexerTestApp\IndexerTestApp.csproj", "{1DCA3D96-B32D-46A4-B741-507BA666AED2}"
EndProject
Project("{FAE04EC0-301F-11D3-BF4B-00C04F79EFBC}") = "GenericTestApp", "GenericTestApp\GenericTestApp.csproj", "{4C920CF0-3801-4912-B082-6ECC85007F4C}"
EndProject
Project("{FAE04EC0-301F-11D3-BF4B-00C04F79EFBC}") = "GenericTestApp2", "GenericTestApp2\GenericTestApp2.csproj", "{AB583D23-9E10-4B9B-AE07-6EAE8CECF132}"
EndProject
Project("{FAE04EC0-301F-11D3-BF4B-00C04F79EFBC}") = "GenericMyListApp", "GenericMyListApp\GenericMyListApp.csproj", "{2AE45D07-FE88-47FE-B71A-7D0A6B25496F}"
EndProject
Global
	GlobalSection(SolutionConfigurationPlatforms) = preSolution
		Debug|Any CPU = Debug|Any CPU
		Release|Any CPU = Release|Any CPU
	EndGlobalSection
	GlobalSection(ProjectConfigurationPlatforms) = postSolution
		{1DCA3D96-B32D-46A4-B741-507BA666AED2}.Debug|Any CPU.ActiveCfg = Debug|Any CPU
		{1DCA3D96-B32D-46A4-B741-507BA666AED2}.Debug|Any CPU.Build.0 = Debug|Any CPU
		{1DCA3D96-B32D-46A4-B741-507BA666AED2}.Release|Any CPU.ActiveCfg = Release|Any CPU
		{1DCA3D96-B32D-46A4-B741-507BA666AED2}.Release|Any CPU.Build.0 = Release|Any CPU
		{4C920CF0-3801-4912-B082-6ECC85007F4C}.Debug|Any CPU.ActiveCfg = Debug|Any CPU
		{4C920CF0-3801-4912-B082-6ECC85007F4C}.Debug|Any CPU.Build.0 = Debug|Any CPU
		{4C920CF0-3801-4912-B082-6ECC85007F4C}.Release|Any CPU.ActiveCfg = Release|Any CPU
		{4C920CF0-3801-4912-B082-6ECC85007F4C}.Release|Any CPU.Build.0 = Release|Any CPU
		{AB583D23-9E10-4B9B-AE07-6EAE8CECF132}.Debug|Any CPU.ActiveCfg = Debug|Any CPU
		{AB583D23-9E10-4B9B-AE07-6EAE8CECF132}.Debug|Any CPU.Build.0 = Debug|Any CPU
		{AB583D23-9E10-4B9B-AE07-6EAE8CECF132}.Release|Any CPU.ActiveCfg = Release|Any CPU
		{AB583D23-9E10-4B9B-AE07-6EAE8CECF132}.Release|Any CPU.Build.0 = Release|Any CPU
		{2AE45D07-FE88-47FE-B71A-7D0A6B25496F}.Debug|Any CPU.ActiveCfg = Debug|Any CPU
		{2AE45D07-FE88-47FE-B71A-7D0A6B25496F}.Debug|Any CPU.Build.0 = Debug|Any CPU
		{2AE45D07-FE88-47FE-B71A-7D0A6B25496F}.Release|Any CPU.ActiveCfg = Release|Any CPU
		{2AE45D07-FE88-47FE-B71A-7D0A6B25496F}.Release|Any CPU.Build.0 = Release|Any CPU
	EndGlobalSection
	GlobalSection(SolutionProperties) = preSolution
		HideSolutionNode = FALSE
	EndGlobalSection
	GlobalSection(ExtensibilityGlobals) = postSolution
		SolutionGuid = {7B221B19-A661-4588-9537-5ECB17863D8D}
	EndGlobalSection
EndGlobal
