
Microsoft Visual Studio Solution File, Format Version 12.00
# Visual Studio Version 16
VisualStudioVersion = 16.0.31220.234
MinimumVisualStudioVersion = 10.0.40219.1
Project("{FAE04EC0-301F-11D3-BF4B-00C04F79EFBC}") = "LinqTestApp", "LinqTestApp\LinqTestApp.csproj", "{373FD1B6-2FEB-4D2C-9481-D5C92EABD174}"
EndProject
Project("{FAE04EC0-301F-11D3-BF4B-00C04F79EFBC}") = "ReflectionTestApp", "ReflectionTestApp\ReflectionTestApp.csproj", "{41E5AF14-6965-4E42-B584-85FC4A96CDCD}"
EndProject
Project("{FAE04EC0-301F-11D3-BF4B-00C04F79EFBC}") = "DynCreationTestApp", "DynCreationTestApp\DynCreationTestApp.csproj", "{75FD6D1A-D6A4-4B76-BC05-738DE928116A}"
EndProject
Project("{FAE04EC0-301F-11D3-BF4B-00C04F79EFBC}") = "AttributeTestApp", "AttributeTestApp\AttributeTestApp.csproj", "{564A81C5-A58F-4615-9581-2874BD2F78D2}"
EndProject
Project("{FAE04EC0-301F-11D3-BF4B-00C04F79EFBC}") = "CalcUnitTest", "CalcUnitTest\CalcUnitTest.csproj", "{9A70BEE9-0E50-40F1-A499-AD7846010946}"
EndProject
Project("{FAE04EC0-301F-11D3-BF4B-00C04F79EFBC}") = "FileDirectoryTestApp", "FileDirectoryTestApp\FileDirectoryTestApp.csproj", "{01AB0095-633A-40C6-83A4-286CA00C0496}"
EndProject
Global
	GlobalSection(SolutionConfigurationPlatforms) = preSolution
		Debug|Any CPU = Debug|Any CPU
		Release|Any CPU = Release|Any CPU
	EndGlobalSection
	GlobalSection(ProjectConfigurationPlatforms) = postSolution
		{373FD1B6-2FEB-4D2C-9481-D5C92EABD174}.Debug|Any CPU.ActiveCfg = Debug|Any CPU
		{373FD1B6-2FEB-4D2C-9481-D5C92EABD174}.Debug|Any CPU.Build.0 = Debug|Any CPU
		{373FD1B6-2FEB-4D2C-9481-D5C92EABD174}.Release|Any CPU.ActiveCfg = Release|Any CPU
		{373FD1B6-2FEB-4D2C-9481-D5C92EABD174}.Release|Any CPU.Build.0 = Release|Any CPU
		{41E5AF14-6965-4E42-B584-85FC4A96CDCD}.Debug|Any CPU.ActiveCfg = Debug|Any CPU
		{41E5AF14-6965-4E42-B584-85FC4A96CDCD}.Debug|Any CPU.Build.0 = Debug|Any CPU
		{41E5AF14-6965-4E42-B584-85FC4A96CDCD}.Release|Any CPU.ActiveCfg = Release|Any CPU
		{41E5AF14-6965-4E42-B584-85FC4A96CDCD}.Release|Any CPU.Build.0 = Release|Any CPU
		{75FD6D1A-D6A4-4B76-BC05-738DE928116A}.Debug|Any CPU.ActiveCfg = Debug|Any CPU
		{75FD6D1A-D6A4-4B76-BC05-738DE928116A}.Debug|Any CPU.Build.0 = Debug|Any CPU
		{75FD6D1A-D6A4-4B76-BC05-738DE928116A}.Release|Any CPU.ActiveCfg = Release|Any CPU
		{75FD6D1A-D6A4-4B76-BC05-738DE928116A}.Release|Any CPU.Build.0 = Release|Any CPU
		{564A81C5-A58F-4615-9581-2874BD2F78D2}.Debug|Any CPU.ActiveCfg = Debug|Any CPU
		{564A81C5-A58F-4615-9581-2874BD2F78D2}.Debug|Any CPU.Build.0 = Debug|Any CPU
		{564A81C5-A58F-4615-9581-2874BD2F78D2}.Release|Any CPU.ActiveCfg = Release|Any CPU
		{564A81C5-A58F-4615-9581-2874BD2F78D2}.Release|Any CPU.Build.0 = Release|Any CPU
		{9A70BEE9-0E50-40F1-A499-AD7846010946}.Debug|Any CPU.ActiveCfg = Debug|Any CPU
		{9A70BEE9-0E50-40F1-A499-AD7846010946}.Debug|Any CPU.Build.0 = Debug|Any CPU
		{9A70BEE9-0E50-40F1-A499-AD7846010946}.Release|Any CPU.ActiveCfg = Release|Any CPU
		{9A70BEE9-0E50-40F1-A499-AD7846010946}.Release|Any CPU.Build.0 = Release|Any CPU
		{01AB0095-633A-40C6-83A4-286CA00C0496}.Debug|Any CPU.ActiveCfg = Debug|Any CPU
		{01AB0095-633A-40C6-83A4-286CA00C0496}.Debug|Any CPU.Build.0 = Debug|Any CPU
		{01AB0095-633A-40C6-83A4-286CA00C0496}.Release|Any CPU.ActiveCfg = Release|Any CPU
		{01AB0095-633A-40C6-83A4-286CA00C0496}.Release|Any CPU.Build.0 = Release|Any CPU
	EndGlobalSection
	GlobalSection(SolutionProperties) = preSolution
		HideSolutionNode = FALSE
	EndGlobalSection
	GlobalSection(ExtensibilityGlobals) = postSolution
		SolutionGuid = {72DE88FA-9CAF-4660-A015-DA19F9F222D8}
	EndGlobalSection
EndGlobal
